
Microsoft Visual Studio Solution File, Format Version 12.00
# Visual Studio Version 17
VisualStudioVersion = 17.0.31903.59
MinimumVisualStudioVersion = 10.0.40219.1
Project("{2150E333-8FDC-42A3-9474-1A3956D46DE8}") = "src", "src", "{DE9AF684-0BFB-4E4A-8FE4-6FB380E909C4}"
EndProject
Project("{FAE04EC0-301F-11D3-BF4B-00C04F79EFBC}") = "Grow.Worker", "src\Grow.Worker\Grow.Worker.csproj", "{41444419-13D5-4ADB-AAFD-A59C5CD1991F}"
EndProject
Project("{FAE04EC0-301F-11D3-BF4B-00C04F79EFBC}") = "Grow.Events", "src\Grow.Events\Grow.Events.csproj", "{587335C8-F959-4F3E-A41E-87337AB6D743}"
EndProject
Project("{FAE04EC0-301F-11D3-BF4B-00C04F79EFBC}") = "Grow.Events.Handlers", "src\Grow.Events.Handlers\Grow.Events.Handlers.csproj", "{3220AC74-CBF9-4464-930B-E4467ABB5EFF}"
EndProject
Project("{FAE04EC0-301F-11D3-BF4B-00C04F79EFBC}") = "Grow.Migrations", "src\Grow.Migrations\Grow.Migrations.csproj", "{F263A870-0F0B-4686-968B-8EF041C8C73C}"
EndProject
Project("{FAE04EC0-301F-11D3-BF4B-00C04F79EFBC}") = "Grow.Console", "src\Grow.Console\Grow.Console.csproj", "{17AAFCBE-59F9-4092-AC53-2B95D690B504}"
EndProject
Project("{FAE04EC0-301F-11D3-BF4B-00C04F79EFBC}") = "Grow.Sensor", "src\Grow.Sensor\Grow.Sensor.csproj", "{567A019D-908D-45D1-9B7C-D5D070C4EE3A}"
EndProject
Project("{FAE04EC0-301F-11D3-BF4B-00C04F79EFBC}") = "Grow.Api", "src\Grow.Api\Grow.Api.csproj", "{BD3EDD1C-016F-460B-BD42-A2E97601F0CC}"
EndProject
Global
	GlobalSection(SolutionConfigurationPlatforms) = preSolution
		Debug|Any CPU = Debug|Any CPU
		Release|Any CPU = Release|Any CPU
	EndGlobalSection
	GlobalSection(SolutionProperties) = preSolution
		HideSolutionNode = FALSE
	EndGlobalSection
	GlobalSection(ProjectConfigurationPlatforms) = postSolution
		{41444419-13D5-4ADB-AAFD-A59C5CD1991F}.Debug|Any CPU.ActiveCfg = Debug|Any CPU
		{41444419-13D5-4ADB-AAFD-A59C5CD1991F}.Debug|Any CPU.Build.0 = Debug|Any CPU
		{41444419-13D5-4ADB-AAFD-A59C5CD1991F}.Release|Any CPU.ActiveCfg = Release|Any CPU
		{41444419-13D5-4ADB-AAFD-A59C5CD1991F}.Release|Any CPU.Build.0 = Release|Any CPU
		{587335C8-F959-4F3E-A41E-87337AB6D743}.Debug|Any CPU.ActiveCfg = Debug|Any CPU
		{587335C8-F959-4F3E-A41E-87337AB6D743}.Debug|Any CPU.Build.0 = Debug|Any CPU
		{587335C8-F959-4F3E-A41E-87337AB6D743}.Release|Any CPU.ActiveCfg = Release|Any CPU
		{587335C8-F959-4F3E-A41E-87337AB6D743}.Release|Any CPU.Build.0 = Release|Any CPU
		{3220AC74-CBF9-4464-930B-E4467ABB5EFF}.Debug|Any CPU.ActiveCfg = Debug|Any CPU
		{3220AC74-CBF9-4464-930B-E4467ABB5EFF}.Debug|Any CPU.Build.0 = Debug|Any CPU
		{3220AC74-CBF9-4464-930B-E4467ABB5EFF}.Release|Any CPU.ActiveCfg = Release|Any CPU
		{3220AC74-CBF9-4464-930B-E4467ABB5EFF}.Release|Any CPU.Build.0 = Release|Any CPU
		{F263A870-0F0B-4686-968B-8EF041C8C73C}.Debug|Any CPU.ActiveCfg = Debug|Any CPU
		{F263A870-0F0B-4686-968B-8EF041C8C73C}.Debug|Any CPU.Build.0 = Debug|Any CPU
		{F263A870-0F0B-4686-968B-8EF041C8C73C}.Release|Any CPU.ActiveCfg = Release|Any CPU
		{F263A870-0F0B-4686-968B-8EF041C8C73C}.Release|Any CPU.Build.0 = Release|Any CPU
		{17AAFCBE-59F9-4092-AC53-2B95D690B504}.Debug|Any CPU.ActiveCfg = Debug|Any CPU
		{17AAFCBE-59F9-4092-AC53-2B95D690B504}.Debug|Any CPU.Build.0 = Debug|Any CPU
		{17AAFCBE-59F9-4092-AC53-2B95D690B504}.Release|Any CPU.ActiveCfg = Release|Any CPU
		{17AAFCBE-59F9-4092-AC53-2B95D690B504}.Release|Any CPU.Build.0 = Release|Any CPU
		{567A019D-908D-45D1-9B7C-D5D070C4EE3A}.Debug|Any CPU.ActiveCfg = Debug|Any CPU
		{567A019D-908D-45D1-9B7C-D5D070C4EE3A}.Debug|Any CPU.Build.0 = Debug|Any CPU
		{567A019D-908D-45D1-9B7C-D5D070C4EE3A}.Release|Any CPU.ActiveCfg = Release|Any CPU
		{567A019D-908D-45D1-9B7C-D5D070C4EE3A}.Release|Any CPU.Build.0 = Release|Any CPU
		{BD3EDD1C-016F-460B-BD42-A2E97601F0CC}.Debug|Any CPU.ActiveCfg = Debug|Any CPU
		{BD3EDD1C-016F-460B-BD42-A2E97601F0CC}.Debug|Any CPU.Build.0 = Debug|Any CPU
		{BD3EDD1C-016F-460B-BD42-A2E97601F0CC}.Release|Any CPU.ActiveCfg = Release|Any CPU
		{BD3EDD1C-016F-460B-BD42-A2E97601F0CC}.Release|Any CPU.Build.0 = Release|Any CPU
	EndGlobalSection
	GlobalSection(NestedProjects) = preSolution
		{41444419-13D5-4ADB-AAFD-A59C5CD1991F} = {DE9AF684-0BFB-4E4A-8FE4-6FB380E909C4}
		{587335C8-F959-4F3E-A41E-87337AB6D743} = {DE9AF684-0BFB-4E4A-8FE4-6FB380E909C4}
		{3220AC74-CBF9-4464-930B-E4467ABB5EFF} = {DE9AF684-0BFB-4E4A-8FE4-6FB380E909C4}
		{F263A870-0F0B-4686-968B-8EF041C8C73C} = {DE9AF684-0BFB-4E4A-8FE4-6FB380E909C4}
		{17AAFCBE-59F9-4092-AC53-2B95D690B504} = {DE9AF684-0BFB-4E4A-8FE4-6FB380E909C4}
		{567A019D-908D-45D1-9B7C-D5D070C4EE3A} = {DE9AF684-0BFB-4E4A-8FE4-6FB380E909C4}
		{BD3EDD1C-016F-460B-BD42-A2E97601F0CC} = {DE9AF684-0BFB-4E4A-8FE4-6FB380E909C4}
	EndGlobalSection
EndGlobal
